slug: august-wifi-smart-lock
asin: B082VXK9CK
name: "August Wi-Fi Smart Lock"
brand: "August"
price: 179.99
originalPrice: 229.99
discountPct: 22
category: smart-lock
affiliateUrl: "https://www.amazon.com/dp/B082VXK9CK?tag=flowhome-20"
image: "/images/product-art/illustrations-v1/smart-lock.png"
ownerRating: 4.3
ownerRatingCount: 10000
ratingSource: "Amazon customer ratings"
ratingLastChecked: "2026-06-28"
catalogActive: true
dateUpdated: "2026-09-12"
priceLastChecked: "2026-06-28"
priceSource: "manual"
model: "August Wi-Fi Smart Lock"
identityEvidence:
  model: "August Wi-Fi Smart Lock"
  asin: B082VXK9CK
  claims:
    model:
      value: "August Wi-Fi Smart Lock"
      conditions: "The cited manufacturer document covers this catalog model or family. It does not independently match the Amazon ASIN, seller package or hardware revision."
      sources:
        - label: "August Wi-Fi Smart Lock installation and deadbolt requirements"
          url: "https://august.com/products/august-wifi-smart-lock"
          accessedAt: "2026-09-05"
    role:
      value: "Interior retrofit for a compatible single-cylinder deadbolt"
      conditions: "This retains the exterior lock rather than replacing the entire deadbolt; consult the compatibility list."
      sources:
        - label: "August Wi-Fi Smart Lock installation and deadbolt requirements"
          url: "https://august.com/products/august-wifi-smart-lock"
          accessedAt: "2026-09-05"
decisionSummary:
  model: "August Wi-Fi Smart Lock"
  market: US
  useCase: "Consider this interior retrofit when retaining the exterior deadbolt hardware and original keys matters. Confirm the existing deadbolt, mounting clearance and any required property permission before choosing a package."
  reconsiderIf: "Address a sticking or misaligned door before adding automation. Compare the complete access setup if guests need keypad codes: do not assume a separate keypad is included, or that retrofit hardware removes the need for permission."
  sources:
    - label: "August Wi-Fi Smart Lock product and installation overview"
      url: "https://august.com/products/august-wifi-smart-lock"
      accessedAt: "2026-09-04"
installation:
  model: "August Wi-Fi Smart Lock"
  market: US
  assessment: light-setup
  requirements:
    - "Mounts on the inside of a compatible existing single-cylinder deadbolt; check August's deadbolt compatibility list first."
    - "Requires batteries, the August app on a supported phone and Wi-Fi internet. This is a retrofit installation, not just app pairing."
  sources:
    - label: "August Wi-Fi Smart Lock installation and deadbolt requirements"
      url: "https://august.com/products/august-wifi-smart-lock"
      accessedAt: "2026-09-05"
wifi: true
bluetooth: true
zigbee: false
matter: false
alexaCompatible: true
googleHomeCompatible: true
appleHomeKit: true
appControl: true
energyMonitoring: false
nightVision: false
twoWayAudio: false
hasMop: false
lidarMapping: false
rgb: false
dimmable: false
subscriptionRequired: false
